
Microsoft Visual Studio Solution File, Format Version 12.00
# Visual Studio Version 16
VisualStudioVersion = 16.0.30717.126
MinimumVisualStudioVersion = 10.0.40219.1
Project("{FAE04EC0-301F-11D3-BF4B-00C04F79EFBC}") = "WindowsFormsApp1", "WindowsFormsApp1\WindowsFormsApp1.csproj", "{57D3987B-CBC3-47FB-A998-6741E28266D5}"
EndProject
Global
	GlobalSection(SolutionConfigurationPlatforms) = preSolution
		Debug|Any CPU = Debug|Any CPU
		Release|Any CPU = Release|Any CPU
	EndGlobalSection
	GlobalSection(ProjectConfigurationPlatforms) = postSolution
		{57D3987B-CBC3-47FB-A998-6741E28266D5}.Debug|Any CPU.ActiveCfg = Debug|Any CPU
		{57D3987B-CBC3-47FB-A998-6741E28266D5}.Debug|Any CPU.Build.0 = Debug|Any CPU
		{57D3987B-CBC3-47FB-A998-6741E28266D5}.Release|Any CPU.ActiveCfg = Release|Any CPU
		{57D3987B-CBC3-47FB-A998-6741E28266D5}.Release|Any CPU.Build.0 = Release|Any CPU
	EndGlobalSection
	GlobalSection(SolutionProperties) = preSolution
		HideSolutionNode = FALSE
	EndGlobalSection
	GlobalSection(ExtensibilityGlobals) = postSolution
		SolutionGuid = {F088DCDE-3C90-48E7-80F5-AF0C92C0F3B8}
	EndGlobalSection
EndGlobal
